// !$*UTF8*$!
{
	archiveVersion = 1;
	classes = {
	};
	objectVersion = 55;
	objects = {

/* Begin PBXBuildFile section */
		99944E832740697200D47921 /* CupcakeCornerApp.swift in Sources */ = {isa = PBXBuildFile; fileRef = 99944E822740697200D47921 /* CupcakeCornerApp.swift */; };
		99944E852740697200D47921 /* ContentView.swift in Sources */ = {isa = PBXBuildFile; fileRef = 99944E842740697200D47921 /* ContentView.swift */; };
		99944E872740697300D47921 /* Assets.xcassets in Resources */ = {isa = PBXBuildFile; fileRef = 99944E862740697300D47921 /* Assets.xcassets */; };
		99944E8A2740697300D47921 /* Preview Assets.xcassets in Resources */ = {isa = PBXBuildFile; fileRef = 99944E892740697300D47921 /* Preview Assets.xcassets */; };
		99A90CE6274B010A005BE6F3 /* HomeView.swift in Sources */ = {isa = PBXBuildFile; fileRef = 99A90CE5274B010A005BE6F3 /* HomeView.swift */; };
		99A90CEA274B0129005BE6F3 /* CupcakeView.swift in Sources */ = {isa = PBXBuildFile; fileRef = 99A90CE9274B0129005BE6F3 /* CupcakeView.swift */; };
		99A90CEC274B0132005BE6F3 /* ReviewView.swift in Sources */ = {isa = PBXBuildFile; fileRef = 99A90CEB274B0132005BE6F3 /* ReviewView.swift */; };
		99A90CEE274B0141005BE6F3 /* AddressView.swift in Sources */ = {isa = PBXBuildFile; fileRef = 99A90CED274B0141005BE6F3 /* AddressView.swift */; };
		99A90CF0274B0149005BE6F3 /* SuccessView.swift in Sources */ = {isa = PBXBuildFile; fileRef = 99A90CEF274B0149005BE6F3 /* SuccessView.swift */; };
		99A90CF2274B018A005BE6F3 /* CupcakePickerView.swift in Sources */ = {isa = PBXBuildFile; fileRef = 99A90CF1274B018A005BE6F3 /* CupcakePickerView.swift */; };
		99A90CF5274B03F2005BE6F3 /* PrimaryButton.swift in Sources */ = {isa = PBXBuildFile; fileRef = 99A90CF4274B03F2005BE6F3 /* PrimaryButton.swift */; };
		99A90CF8274B048D005BE6F3 /* View+Buttons.swift in Sources */ = {isa = PBXBuildFile; fileRef = 99A90CF7274B048D005BE6F3 /* View+Buttons.swift */; };
		99A90CFA274B052B005BE6F3 /* Order.swift in Sources */ = {isa = PBXBuildFile; fileRef = 99A90CF9274B052B005BE6F3 /* Order.swift */; };
		99A90CFE274B08AF005BE6F3 /* menu.json in Resources */ = {isa = PBXBuildFile; fileRef = 99A90CFD274B08AF005BE6F3 /* menu.json */; };
		99A90D00274B0C65005BE6F3 /* Menu.swift in Sources */ = {isa = PBXBuildFile; fileRef = 99A90CFF274B0C65005BE6F3 /* Menu.swift */; };
		99A90D02274B0C6F005BE6F3 /* Cupcake.swift in Sources */ = {isa = PBXBuildFile; fileRef = 99A90D01274B0C6F005BE6F3 /* Cupcake.swift */; };
		99A90D06274B11EE005BE6F3 /* NumberFormatter+formatCurrency.swift in Sources */ = {isa = PBXBuildFile; fileRef = 99A90D05274B11EE005BE6F3 /* NumberFormatter+formatCurrency.swift */; };
		99A90D08274B1351005BE6F3 /* TileButton.swift in Sources */ = {isa = PBXBuildFile; fileRef = 99A90D07274B1351005BE6F3 /* TileButton.swift */; };
		99E1FBD02755246B00197004 /* CartItem.swift in Sources */ = {isa = PBXBuildFile; fileRef = 99E1FBCF2755246A00197004 /* CartItem.swift */; };
/* End PBXBuildFile section */

/* Begin PBXFileReference section */
		99944E7F2740697200D47921 /* CupcakeCorner.app */ = {isa = PBXFileReference; explicitFileType = wrapper.application; includeInIndex = 0; path = CupcakeCorner.app; sourceTree = BUILT_PRODUCTS_DIR; };
		99944E822740697200D47921 /* CupcakeCornerApp.swift */ = {isa = PBXFileReference; lastKnownFileType = sourcecode.swift; path = CupcakeCornerApp.swift; sourceTree = "<group>"; };
		99944E842740697200D47921 /* ContentView.swift */ = {isa = PBXFileReference; lastKnownFileType = sourcecode.swift; path = ContentView.swift; sourceTree = "<group>"; };
		99944E862740697300D47921 /* Assets.xcassets */ = {isa = PBXFileReference; lastKnownFileType = folder.assetcatalog; path = Assets.xcassets; sourceTree = "<group>"; };
		99944E892740697300D47921 /* Preview Assets.xcassets */ = {isa = PBXFileReference; lastKnownFileType = folder.assetcatalog; path = "Preview Assets.xcassets"; sourceTree = "<group>"; };
		99A90CE5274B010A005BE6F3 /* HomeView.swift */ = {isa = PBXFileReference; lastKnownFileType = sourcecode.swift; path = HomeView.swift; sourceTree = "<group>"; };
		99A90CE9274B0129005BE6F3 /* CupcakeView.swift */ = {isa = PBXFileReference; lastKnownFileType = sourcecode.swift; path = CupcakeView.swift; sourceTree = "<group>"; };
		99A90CEB274B0132005BE6F3 /* ReviewView.swift */ = {isa = PBXFileReference; lastKnownFileType = sourcecode.swift; path = ReviewView.swift; sourceTree = "<group>"; };
		99A90CED274B0141005BE6F3 /* AddressView.swift */ = {isa = PBXFileReference; lastKnownFileType = sourcecode.swift; path = AddressView.swift; sourceTree = "<group>"; };
		99A90CEF274B0149005BE6F3 /* SuccessView.swift */ = {isa = PBXFileReference; lastKnownFileType = sourcecode.swift; path = SuccessView.swift; sourceTree = "<group>"; };
		99A90CF1274B018A005BE6F3 /* CupcakePickerView.swift */ = {isa = PBXFileReference; lastKnownFileType = sourcecode.swift; path = CupcakePickerView.swift; sourceTree = "<group>"; };
		99A90CF4274B03F2005BE6F3 /* PrimaryButton.swift */ = {isa = PBXFileReference; lastKnownFileType = sourcecode.swift; path = PrimaryButton.swift; sourceTree = "<group>"; };
		99A90CF7274B048D005BE6F3 /* View+Buttons.swift */ = {isa = PBXFileReference; lastKnownFileType = sourcecode.swift; path = "View+Buttons.swift"; sourceTree = "<group>"; };
		99A90CF9274B052B005BE6F3 /* Order.swift */ = {isa = PBXFileReference; lastKnownFileType = sourcecode.swift; path = Order.swift; sourceTree = "<group>"; };
		99A90CFD274B08AF005BE6F3 /* menu.json */ = {isa = PBXFileReference; lastKnownFileType = text.json; path = menu.json; sourceTree = "<group>"; };
		99A90CFF274B0C65005BE6F3 /* Menu.swift */ = {isa = PBXFileReference; lastKnownFileType = sourcecode.swift; path = Menu.swift; sourceTree = "<group>"; };
		99A90D01274B0C6F005BE6F3 /* Cupcake.swift */ = {isa = PBXFileReference; lastKnownFileType = sourcecode.swift; path = Cupcake.swift; sourceTree = "<group>"; };
		99A90D05274B11EE005BE6F3 /* NumberFormatter+formatCurrency.swift */ = {isa = PBXFileReference; lastKnownFileType = sourcecode.swift; path = "NumberFormatter+formatCurrency.swift"; sourceTree = "<group>"; };
		99A90D07274B1351005BE6F3 /* TileButton.swift */ = {isa = PBXFileReference; lastKnownFileType = sourcecode.swift; path = TileButton.swift; sourceTree = "<group>"; };
		99E1FBCF2755246A00197004 /* CartItem.swift */ = {isa = PBXFileReference; lastKnownFileType = sourcecode.swift; path = CartItem.swift; sourceTree = "<group>"; };
/* End PBXFileReference section */

/* Begin PBXFrameworksBuildPhase section */
		99944E7C2740697200D47921 /* Frameworks */ = {
			isa = PBXFrameworksBuildPhase;
			buildActionMask = 2147483647;
			files = (
			);
			runOnlyForDeploymentPostprocessing = 0;
		};
/* End PBXFrameworksBuildPhase section */

/* Begin PBXGroup section */
		99944E762740697200D47921 = {
			isa = PBXGroup;
			children = (
				99944E812740697200D47921 /* CupcakeCorner */,
				99944E802740697200D47921 /* Products */,
			);
			sourceTree = "<group>";
		};
		99944E802740697200D47921 /* Products */ = {
			isa = PBXGroup;
			children = (
				99944E7F2740697200D47921 /* CupcakeCorner.app */,
			);
			name = Products;
			sourceTree = "<group>";
		};
		99944E812740697200D47921 /* CupcakeCorner */ = {
			isa = PBXGroup;
			children = (
				99A90CF6274B0479005BE6F3 /* Extensions */,
				99A90CF3274B03B2005BE6F3 /* Modifiers */,
				99A90CE3274B00B8005BE6F3 /* Models */,
				99A90CE4274B00C2005BE6F3 /* Views */,
				99944E822740697200D47921 /* CupcakeCornerApp.swift */,
				99944E842740697200D47921 /* ContentView.swift */,
				99A90CFD274B08AF005BE6F3 /* menu.json */,
				99944E862740697300D47921 /* Assets.xcassets */,
				99944E882740697300D47921 /* Preview Content */,
			);
			path = CupcakeCorner;
			sourceTree = "<group>";
		};
		99944E882740697300D47921 /* Preview Content */ = {
			isa = PBXGroup;
			children = (
				99944E892740697300D47921 /* Preview Assets.xcassets */,
			);
			path = "Preview Content";
			sourceTree = "<group>";
		};
		99A90CE3274B00B8005BE6F3 /* Models */ = {
			isa = PBXGroup;
			children = (
				99E1FBCF2755246A00197004 /* CartItem.swift */,
				99A90D01274B0C6F005BE6F3 /* Cupcake.swift */,
				99A90CFF274B0C65005BE6F3 /* Menu.swift */,
				99A90CF9274B052B005BE6F3 /* Order.swift */,
			);
			path = Models;
			sourceTree = "<group>";
		};
		99A90CE4274B00C2005BE6F3 /* Views */ = {
			isa = PBXGroup;
			children = (
				99A90CE5274B010A005BE6F3 /* HomeView.swift */,
				99A90CE9274B0129005BE6F3 /* CupcakeView.swift */,
				99A90CF1274B018A005BE6F3 /* CupcakePickerView.swift */,
				99A90CEB274B0132005BE6F3 /* ReviewView.swift */,
				99A90CED274B0141005BE6F3 /* AddressView.swift */,
				99A90CEF274B0149005BE6F3 /* SuccessView.swift */,
			);
			path = Views;
			sourceTree = "<group>";
		};
		99A90CF3274B03B2005BE6F3 /* Modifiers */ = {
			isa = PBXGroup;
			children = (
				99A90CF4274B03F2005BE6F3 /* PrimaryButton.swift */,
				99A90D07274B1351005BE6F3 /* TileButton.swift */,
			);
			path = Modifiers;
			sourceTree = "<group>";
		};
		99A90CF6274B0479005BE6F3 /* Extensions */ = {
			isa = PBXGroup;
			children = (
				99A90CF7274B048D005BE6F3 /* View+Buttons.swift */,
				99A90D05274B11EE005BE6F3 /* NumberFormatter+formatCurrency.swift */,
			);
			path = Extensions;
			sourceTree = "<group>";
		};
/* End PBXGroup section */

/* Begin PBXNativeTarget section */
		99944E7E2740697200D47921 /* CupcakeCorner */ = {
			isa = PBXNativeTarget;
			buildConfigurationList = 99944E8D2740697300D47921 /* Build configuration list for PBXNativeTarget "CupcakeCorner" */;
			buildPhases = (
				99944E7B2740697200D47921 /* Sources */,
				99944E7C2740697200D47921 /* Frameworks */,
				99944E7D2740697200D47921 /* Resources */,
			);
			buildRules = (
			);
			dependencies = (
			);
			name = CupcakeCorner;
			productName = CupcakeCorner;
			productReference = 99944E7F2740697200D47921 /* CupcakeCorner.app */;
			productType = "com.apple.product-type.application";
		};
/* End PBXNativeTarget section */

/* Begin PBXProject section */
		99944E772740697200D47921 /* Project object */ = {
			isa = PBXProject;
			attributes = {
				BuildIndependentTargetsInParallel = 1;
				LastSwiftUpdateCheck = 1310;
				LastUpgradeCheck = 1310;
				TargetAttributes = {
					99944E7E2740697200D47921 = {
						CreatedOnToolsVersion = 13.1;
					};
				};
			};
			buildConfigurationList = 99944E7A2740697200D47921 /* Build configuration list for PBXProject "CupcakeCorner" */;
			compatibilityVersion = "Xcode 13.0";
			developmentRegion = en;
			hasScannedForEncodings = 0;
			knownRegions = (
				en,
				Base,
			);
			mainGroup = 99944E762740697200D47921;
			productRefGroup = 99944E802740697200D47921 /* Products */;
			projectDirPath = "";
			projectRoot = "";
			targets = (
				99944E7E2740697200D47921 /* CupcakeCorner */,
			);
		};
/* End PBXProject section */

/* Begin PBXResourcesBuildPhase section */
		99944E7D2740697200D47921 /* Resources */ = {
			isa = PBXResourcesBuildPhase;
			buildActionMask = 2147483647;
			files = (
				99944E8A2740697300D47921 /* Preview Assets.xcassets in Resources */,
				99A90CFE274B08AF005BE6F3 /* menu.json in Resources */,
				99944E872740697300D47921 /* Assets.xcassets in Resources */,
			);
			runOnlyForDeploymentPostprocessing = 0;
		};
/* End PBXResourcesBuildPhase section */

/* Begin PBXSourcesBuildPhase section */
		99944E7B2740697200D47921 /* Sources */ = {
			isa = PBXSourcesBuildPhase;
			buildActionMask = 2147483647;
			files = (
				99A90CF0274B0149005BE6F3 /* SuccessView.swift in Sources */,
				99A90CF8274B048D005BE6F3 /* View+Buttons.swift in Sources */,
				99A90CEE274B0141005BE6F3 /* AddressView.swift in Sources */,
				99E1FBD02755246B00197004 /* CartItem.swift in Sources */,
				99A90D08274B1351005BE6F3 /* TileButton.swift in Sources */,
				99A90CF5274B03F2005BE6F3 /* PrimaryButton.swift in Sources */,
				99A90D02274B0C6F005BE6F3 /* Cupcake.swift in Sources */,
				99A90CE6274B010A005BE6F3 /* HomeView.swift in Sources */,
				99A90CF2274B018A005BE6F3 /* CupcakePickerView.swift in Sources */,
				99A90CFA274B052B005BE6F3 /* Order.swift in Sources */,
				99944E852740697200D47921 /* ContentView.swift in Sources */,
				99A90D06274B11EE005BE6F3 /* NumberFormatter+formatCurrency.swift in Sources */,
				99A90D00274B0C65005BE6F3 /* Menu.swift in Sources */,
				99A90CEA274B0129005BE6F3 /* CupcakeView.swift in Sources */,
				99A90CEC274B0132005BE6F3 /* ReviewView.swift in Sources */,
				99944E832740697200D47921 /* CupcakeCornerApp.swift in Sources */,
			);
			runOnlyForDeploymentPostprocessing = 0;
		};
/* End PBXSourcesBuildPhase section */

/* Begin XCBuildConfiguration section */
		99944E8B2740697300D47921 /* Debug */ = {
			isa = XCBuildConfiguration;
			buildSettings = {
				ALWAYS_SEARCH_USER_PATHS = NO;
				CLANG_ANALYZER_NONNULL = YES;
				CLANG_ANALYZER_NUMBER_OBJECT_CONVERSION = YES_AGGRESSIVE;
				CLANG_CXX_LANGUAGE_STANDARD = "gnu++17";
				CLANG_CXX_LIBRARY = "libc++";
				CLANG_ENABLE_MODULES = YES;
				CLANG_ENABLE_OBJC_ARC = YES;
				CLANG_ENABLE_OBJC_WEAK = YES;
				CLANG_WARN_BLOCK_CAPTURE_AUTORELEASING = YES;
				CLANG_WARN_BOOL_CONVERSION = YES;
				CLANG_WARN_COMMA = YES;
				CLANG_WARN_CONSTANT_CONVERSION = YES;
				CLANG_WARN_DEPRECATED_OBJC_IMPLEMENTATIONS = YES;
				CLANG_WARN_DIRECT_OBJC_ISA_USAGE = YES_ERROR;
				CLANG_WARN_DOCUMENTATION_COMMENTS = YES;
				CLANG_WARN_EMPTY_BODY = YES;
				CLANG_WARN_ENUM_CONVERSION = YES;
				CLANG_WARN_INFINITE_RECURSION = YES;
				CLANG_WARN_INT_CONVERSION = YES;
				CLANG_WARN_NON_LITERAL_NULL_CONVERSION = YES;
				CLANG_WARN_OBJC_IMPLICIT_RETAIN_SELF = YES;
				CLANG_WARN_OBJC_LITERAL_CONVERSION = YES;
				CLANG_WARN_OBJC_ROOT_CLASS = YES_ERROR;
				CLANG_WARN_QUOTED_INCLUDE_IN_FRAMEWORK_HEADER = YES;
				CLANG_WARN_RANGE_LOOP_ANALYSIS = YES;
				CLANG_WARN_STRICT_PROTOTYPES = YES;
				CLANG_WARN_SUSPICIOUS_MOVE = YES;
				CLANG_WARN_UNGUARDED_AVAILABILITY = YES_AGGRESSIVE;
				CLANG_WARN_UNREACHABLE_CODE = YES;
				CLANG_WARN__DUPLICATE_METHOD_MATCH = YES;
				COPY_PHASE_STRIP = NO;
				DEBUG_INFORMATION_FORMAT = dwarf;
				ENABLE_STRICT_OBJC_MSGSEND = YES;
				ENABLE_TESTABILITY = YES;
				GCC_C_LANGUAGE_STANDARD = gnu11;
				GCC_DYNAMIC_NO_PIC = NO;
				GCC_NO_COMMON_BLOCKS = YES;
				GCC_OPTIMIZATION_LEVEL = 0;
				GCC_PREPROCESSOR_DEFINITIONS = (
					"DEBUG=1",
					"$(inherited)",
				);
				GCC_WARN_64_TO_32_BIT_CONVERSION = YES;
				GCC_WARN_ABOUT_RETURN_TYPE = YES_ERROR;
				GCC_WARN_UNDECLARED_SELECTOR = YES;
				GCC_WARN_UNINITIALIZED_AUTOS = YES_AGGRESSIVE;
				GCC_WARN_UNUSED_FUNCTION = YES;
				GCC_WARN_UNUSED_VARIABLE = YES;
				IPHONEOS_DEPLOYMENT_TARGET = 15.0;
				MTL_ENABLE_DEBUG_INFO = INCLUDE_SOURCE;
				MTL_FAST_MATH = YES;
				ONLY_ACTIVE_ARCH = YES;
				SDKROOT = iphoneos;
				SWIFT_ACTIVE_COMPILATION_CONDITIONS = DEBUG;
				SWIFT_OPTIMIZATION_LEVEL = "-Onone";
			};
			name = Debug;
		};
		99944E8C2740697300D47921 /* Release */ = {
			isa = XCBuildConfiguration;
			buildSettings = {
				ALWAYS_SEARCH_USER_PATHS = NO;
				CLANG_ANALYZER_NONNULL = YES;
				CLANG_ANALYZER_NUMBER_OBJECT_CONVERSION = YES_AGGRESSIVE;
				CLANG_CXX_LANGUAGE_STANDARD = "gnu++17";
				CLANG_CXX_LIBRARY = "libc++";
				CLANG_ENABLE_MODULES = YES;
				CLANG_ENABLE_OBJC_ARC = YES;
				CLANG_ENABLE_OBJC_WEAK = YES;
				CLANG_WARN_BLOCK_CAPTURE_AUTORELEASING = YES;
				CLANG_WARN_BOOL_CONVERSION = YES;
				CLANG_WARN_COMMA = YES;
				CLANG_WARN_CONSTANT_CONVERSION = YES;
				CLANG_WARN_DEPRECATED_OBJC_IMPLEMENTATIONS = YES;
				CLANG_WARN_DIRECT_OBJC_ISA_USAGE = YES_ERROR;
				CLANG_WARN_DOCUMENTATION_COMMENTS = YES;
				CLANG_WARN_EMPTY_BODY = YES;
				CLANG_WARN_ENUM_CONVERSION = YES;
				CLANG_WARN_INFINITE_RECURSION = YES;
				CLANG_WARN_INT_CONVERSION = YES;
				CLANG_WARN_NON_LITERAL_NULL_CONVERSION = YES;
				CLANG_WARN_OBJC_IMPLICIT_RETAIN_SELF = YES;
				CLANG_WARN_OBJC_LITERAL_CONVERSION = YES;
				CLANG_WARN_OBJC_ROOT_CLASS = YES_ERROR;
				CLANG_WARN_QUOTED_INCLUDE_IN_FRAMEWORK_HEADER = YES;
				CLANG_WARN_RANGE_LOOP_ANALYSIS = YES;
				CLANG_WARN_STRICT_PROTOTYPES = YES;
				CLANG_WARN_SUSPICIOUS_MOVE = YES;
				CLANG_WARN_UNGUARDED_AVAILABILITY = YES_AGGRESSIVE;
				CLANG_WARN_UNREACHABLE_CODE = YES;
				CLANG_WARN__DUPLICATE_METHOD_MATCH = YES;
				COPY_PHASE_STRIP = NO;
				DEBUG_INFORMATION_FORMAT = "dwarf-with-dsym";
				ENABLE_NS_ASSERTIONS = NO;
				ENABLE_STRICT_OBJC_MSGSEND = YES;
				GCC_C_LANGUAGE_STANDARD = gnu11;
				GCC_NO_COMMON_BLOCKS = YES;
				GCC_WARN_64_TO_32_BIT_CONVERSION = YES;
				GCC_WARN_ABOUT_RETURN_TYPE = YES_ERROR;
				GCC_WARN_UNDECLARED_SELECTOR = YES;
				GCC_WARN_UNINITIALIZED_AUTOS = YES_AGGRESSIVE;
				GCC_WARN_UNUSED_FUNCTION = YES;
				GCC_WARN_UNUSED_VARIABLE = YES;
				IPHONEOS_DEPLOYMENT_TARGET = 15.0;
				MTL_ENABLE_DEBUG_INFO = NO;
				MTL_FAST_MATH = YES;
				SDKROOT = iphoneos;
				SWIFT_COMPILATION_MODE = wholemodule;
				SWIFT_OPTIMIZATION_LEVEL = "-O";
				VALIDATE_PRODUCT = YES;
			};
			name = Release;
		};
		99944E8E2740697300D47921 /* Debug */ = {
			isa = XCBuildConfiguration;
			buildSettings = {
				ASSETCATALOG_COMPILER_APPICON_NAME = AppIcon;
				ASSETCATALOG_COMPILER_GLOBAL_ACCENT_COLOR_NAME = AccentColor;
				CODE_SIGN_IDENTITY = "Apple Development";
				CODE_SIGN_STYLE = Automatic;
				CURRENT_PROJECT_VERSION = 1;
				DEVELOPMENT_ASSET_PATHS = "\"CupcakeCorner/Preview Content\"";
				DEVELOPMENT_TEAM = HMLGBDJLUR;
				ENABLE_PREVIEWS = YES;
				GENERATE_INFOPLIST_FILE = YES;
				INFOPLIST_KEY_UIApplicationSceneManifest_Generation = YES;
				INFOPLIST_KEY_UIApplicationSupportsIndirectInputEvents = YES;
				INFOPLIST_KEY_UILaunchScreen_Generation = YES;
				INFOPLIST_KEY_UISupportedInterfaceOrientations = UIInterfaceOrientationPortrait;
				INFOPLIST_KEY_UISupportedInterfaceOrientations_iPad = "UIInterfaceOrientationPortrait UIInterfaceOrientationPortraitUpsideDown UIInterfaceOrientationLandscapeLeft UIInterfaceOrientationLandscapeRight";
				INFOPLIST_KEY_UISupportedInterfaceOrientations_iPhone = "UIInterfaceOrientationPortrait UIInterfaceOrientationLandscapeLeft UIInterfaceOrientationLandscapeRight";
				LD_RUNPATH_SEARCH_PATHS = (
					"$(inherited)",
					"@executable_path/Frameworks",
				);
				MARKETING_VERSION = 1.0;
				PRODUCT_BUNDLE_IDENTIFIER = com.daytonbobbitt.CupcakeCorner;
				PRODUCT_NAME = "$(TARGET_NAME)";
				PROVISIONING_PROFILE_SPECIFIER = "";
				SWIFT_EMIT_LOC_STRINGS = YES;
				SWIFT_VERSION = 5.0;
				TARGETED_DEVICE_FAMILY = 1;
			};
			name = Debug;
		};
		99944E8F2740697300D47921 /* Release */ = {
			isa = XCBuildConfiguration;
			buildSettings = {
				ASSETCATALOG_COMPILER_APPICON_NAME = AppIcon;
				ASSETCATALOG_COMPILER_GLOBAL_ACCENT_COLOR_NAME = AccentColor;
				CODE_SIGN_IDENTITY = "Apple Development";
				CODE_SIGN_STYLE = Automatic;
				CURRENT_PROJECT_VERSION = 1;
				DEVELOPMENT_ASSET_PATHS = "\"CupcakeCorner/Preview Content\"";
				DEVELOPMENT_TEAM = HMLGBDJLUR;
				ENABLE_PREVIEWS = YES;
				GENERATE_INFOPLIST_FILE = YES;
				INFOPLIST_KEY_UIApplicationSceneManifest_Generation = YES;
				INFOPLIST_KEY_UIApplicationSupportsIndirectInputEvents = YES;
				INFOPLIST_KEY_UILaunchScreen_Generation = YES;
				INFOPLIST_KEY_UISupportedInterfaceOrientations = UIInterfaceOrientationPortrait;
				INFOPLIST_KEY_UISupportedInterfaceOrientations_iPad = "UIInterfaceOrientationPortrait UIInterfaceOrientationPortraitUpsideDown UIInterfaceOrientationLandscapeLeft UIInterfaceOrientationLandscapeRight";
				INFOPLIST_KEY_UISupportedInterfaceOrientations_iPhone = "UIInterfaceOrientationPortrait UIInterfaceOrientationLandscapeLeft UIInterfaceOrientationLandscapeRight";
				LD_RUNPATH_SEARCH_PATHS = (
					"$(inherited)",
					"@executable_path/Frameworks",
				);
				MARKETING_VERSION = 1.0;
				PRODUCT_BUNDLE_IDENTIFIER = com.daytonbobbitt.CupcakeCorner;
				PRODUCT_NAME = "$(TARGET_NAME)";
				PROVISIONING_PROFILE_SPECIFIER = "";
				SWIFT_EMIT_LOC_STRINGS = YES;
				SWIFT_VERSION = 5.0;
				TARGETED_DEVICE_FAMILY = 1;
			};
			name = Release;
		};
/* End XCBuildConfiguration section */

/* Begin XCConfigurationList section */
		99944E7A2740697200D47921 /* Build configuration list for PBXProject "CupcakeCorner" */ = {
			isa = XCConfigurationList;
			buildConfigurations = (
				99944E8B2740697300D47921 /* Debug */,
				99944E8C2740697300D47921 /* Release */,
			);
			defaultConfigurationIsVisible = 0;
			defaultConfigurationName = Release;
		};
		99944E8D2740697300D47921 /* Build configuration list for PBXNativeTarget "CupcakeCorner" */ = {
			isa = XCConfigurationList;
			buildConfigurations = (
				99944E8E2740697300D47921 /* Debug */,
				99944E8F2740697300D47921 /* Release */,
			);
			defaultConfigurationIsVisible = 0;
			defaultConfigurationName = Release;
		};
/* End XCConfigurationList section */
	};
	rootObject = 99944E772740697200D47921 /* Project object */;
}
